{
  "posts": {
    "-P1Abc123def": {
      "id": "-P1Abc123def",
      "image": "https://images.unsplash.com/photo-1572441713438-5f5383f6c8e6?crop=entropy&cs=tinysrgb&fit=max&fm=jpg&ixid=MnwzNjUyOXwwfDF8c2VhcmNofDEwfHxib3dsfGVufDB8fHx8MTYzOTc1MjI2MQ&ixlib=rb-1.2.1&q=80&w=400",
      "title": "Avocado Toast with Eggs",
      "shortDescription": "Healthy avocado toast topped with poached eggs.",
      "typeOfMeal": "breakfast",
      "timeToCook": "10 minutes",
      "postedAgo": "2 hours ago",
      "user": "healthy_eats",
      "userPicture": "https://images.unsplash.com/photo-1507120366492-48a5b01c88a1?crop=entropy&cs=tinysrgb&fit=max&fm=jpg&ixid=MnwzNjUyOXwwfDF8c2VhcmNofDF8fHBlcnNvbnxlbnwwfHx8fDE2OTc1MjI2MQ&ixlib=rb-1.2.1&q=80&w=200",
      "likes": 120,
      "comments": 5
    },
    "-P2Def456ghi": {
      "id": "-P2Def456ghi",
      "image": "https://images.unsplash.com/photo-1535958636473-2056d9404701?crop=entropy&cs=tinysrgb&fit=max&fm=jpg&ixid=MnwzNjUyOXwwfDF8c2VhcmNofDE1fHxtYWNhcm9uc3xlbnwwfHx8fDE2OTc1MjI2MQ&ixlib=rb-1.2.1&q=80&w=400",
      "title": "Vegan Buddha Bowl",
      "shortDescription": "Colorful bowl with quinoa, chickpeas, and greens.",
      "typeOfMeal": "lunch",
      "timeToCook": "25 minutes",
      "postedAgo": "5 hours ago",
      "user": "plantbased_bites",
      "userPicture": "https://images.unsplash.com/photo-1520974730397-8a48c0d57659?crop=entropy&cs=tinysrgb&fit=max&fm=jpg&ixid=MnwzNjUyOXwwfDF8c2VhcmNofDF8fHBlcnNvbnxlbnwwfHx8fDE2OTc1MjI2MQ&ixlib=rb-1.2.1&q=80&w=200",
      "likes": 300,
      "comments": 12
    },
    "-P3Ghi789jkl": {
      "id": "-P3Ghi789jkl",
      "image": "https://images.unsplash.com/photo-1516685018646-54999f160ae3?crop=entropy&cs=tinysrgb&fit=max&fm=jpg&ixid=MnwzNjUyOXwwfDF8c2VhcmNofDE2fHxsdW5jaHxlbnwwfHx8fDE2OTc1MjI2MQ&ixlib=rb-1.2.1&q=80&w=400",
      "title": "Grilled Veggie Sandwich",
      "shortDescription": "A savory sandwich packed with grilled veggies.",
      "typeOfMeal": "lunch",
      "timeToCook": "15 minutes",
      "postedAgo": "1 day ago",
      "user": "veggie_delight",
      "userPicture": "https://images.unsplash.com/photo-1544723795-3fb6469f5b39?crop=entropy&cs=tinysrgb&fit=max&fm=jpg&ixid=MnwzNjUyOXwwfDF8c2VhcmNofDJ8fHBlcnNvbnxlbnwwfHx8fDE2OTc1MjI2MQ&ixlib=rb-1.2.1&q=80&w=200",
      "likes": 200,
      "comments": 8
    },
    "-P4Jkl456mno": {
      "id": "-P4Jkl456mno",
      "image": "https://images.unsplash.com/photo-1603570420969-968efcb8a37e?crop=entropy&cs=tinysrgb&fit=max&fm=jpg&ixid=MnwzNjUyOXwwfDF8c2VhcmNofDF8fGJyZWFrZmFzdCUyMGZvb2R8ZW58MHx8fHwxNjk3NTIyNjE&ixlib=rb-1.2.1&q=80&w=400",
      "title": "Banana Pancakes",
      "shortDescription": "Fluffy pancakes with fresh banana slices.",
      "typeOfMeal": "breakfast",
      "timeToCook": "20 minutes",
      "postedAgo": "2 days ago",
      "user": "morning_munchies",
      "userPicture": "https://images.unsplash.com/photo-1559622213-6e9e0c52c11e?crop=entropy&cs=tinysrgb&fit=max&fm=jpg&ixid=MnwzNjUyOXwwfDF8c2VhcmNofDV8fHBlcnNvbnxlbnwwfHx8fDE2OTc1MjI2MQ&ixlib=rb-1.2.1&q=80&w=200",
      "likes": 350,
      "comments": 15
    },
    "-P5Mno123pqr": {
      "id": "-P5Mno123pqr",
      "image": "https://images.unsplash.com/photo-1586015554655-d6f771e0d89b?crop=entropy&cs=tinysrgb&fit=max&fm=jpg&ixid=MnwzNjUyOXwwfDF8c2VhcmNofDF8fGRpbm5lciUyMGZvb2R8ZW58MHx8fHwxNjk3NTIyNjE&ixlib=rb-1.2.1&q=80&w=400",
      "title": "Lentil Bolognese",
      "shortDescription": "Rich lentil sauce served over pasta.",
      "typeOfMeal": "dinner",
      "timeToCook": "35 minutes",
      "postedAgo": "3 days ago",
      "user": "earthy_eats",
      "userPicture": "https://images.unsplash.com/photo-1532075470603-7da1ff8f9b91?crop=entropy&cs=tinysrgb&fit=max&fm=jpg&ixid=MnwzNjUyOXwwfDF8c2VhcmNofDE4fHBlcnNvbnxlbnwwfHx8fDE2OTc1MjI2MQ&ixlib=rb-1.2.1&q=80&w=200",
      "likes": 280,
      "comments": 10
    },
    "-P6Pqr456stu": {
      "id": "-P6Pqr456stu",
      "image": "https://images.unsplash.com/photo-1576839458434-30ffb7d69a74?crop=entropy&cs=tinysrgb&fit=max&fm=jpg&ixid=MnwzNjUyOXwwfDF8c2VhcmNofDV8fGNoZWYlMjBwb3N0fGVufDB8fHx8MTY5NzUyMjYx&ixlib=rb-1.2.1&q=80&w=400",
      "title": "Green Smoothie Bowl",
      "shortDescription": "Refreshing smoothie bowl with fresh fruit.",
      "typeOfMeal": "snack",
      "timeToCook": "5 minutes",
      "postedAgo": "5 days ago",
      "user": "smoothie_queen",
      "userPicture": "https://images.unsplash.com/photo-1521335629791-ce4aec67dd49?crop=entropy&cs=tinysrgb&fit=max&fm=jpg&ixid=MnwzNjUyOXwwfDF8c2VhcmNofDI1fHBlcnNvbnxlbnwwfHx8fDE2OTc1MjI2MQ&ixlib=rb-1.2.1&q=80&w=200",
      "likes": 150,
      "comments": 4
    },
    "-P7Stu789vwx": {
      "id": "-P7Stu789vwx",
      "image": "https://images.unsplash.com/photo-1514517316423-e97c7b4dc34e?crop=entropy&cs=tinysrgb&fit=max&fm=jpg&ixid=
