{
   "recipes": {
  "-R10Def123stu": {
    "id": "-R10Def123stu",
    "image": "https://www.halfbakedharvest.com/wp-content/uploads/2023/01/30-Minute-Coconut-Curry-Noodle-Soup-1.jpg",
    "mealType": "vegan",
    "name": "Coconut Curry Soup",
    "shortDescription": "Creamy coconut-based vegan soup with spice.",
    "timeToPrepare": "35 minutes",
    "username": "souplover"
  },
  "-R1Abc123def": {
    "id": "-R1Abc123def",
    "image": "https://www.kitchensanctuary.com/wp-content/uploads/2021/10/Creamy-Mushroom-Pasta-square-FS-51-1.jpg",
    "mealType": "vegetarian",
    "name": "Creamy Mushroom Pasta",
    "shortDescription": "A rich and creamy pasta with mushrooms.",
    "timeToPrepare": "30 minutes",
    "username": "chef_jamie"
  },
  "-R2Ghi456jkl": {
    "id": "-R2Ghi456jkl",
    "image": "https://i0.wp.com/wellandfull.com/wp-content/uploads/2016/02/WellandFull-4-21.jpg?resize=2422%2C3633&ssl=1",
    "mealType": "vegan",
    "name": "Vegan Buddha Bowl",
    "shortDescription": "Colorful bowl with quinoa, veggies, and tofu.",
    "timeToPrepare": "20 minutes",
    "username": "plantpower"
  },
  "-R3Jkl789mno": {
    "id": "-R3Jkl789mno",
    "image": "https://www.wearesovegan.com/wp-content/uploads/2021/01/veganultimatechillirecipeh1.jpg",
    "mealType": "vegetarian",
    "name": "Vegetarian Chili",
    "shortDescription": "A hearty and spicy vegetarian chili.",
    "timeToPrepare": "45 minutes",
    "username": "spiceking"
  },
  "-R4Mno123pqr": {
    "id": "-R4Mno123pqr",
    "image": "https://hannahmageerd.com/wp-content/uploads/2023/05/grilled-maple-salmon-salad-7.jpg",
    "mealType": "pescatarian",
    "name": "Grilled Salmon Salad",
    "shortDescription": "Fresh salad topped with grilled salmon.",
    "timeToPrepare": "25 minutes",
    "username": "seafoodlover"
  },
  "-R5Pqr456stu": {
    "id": "-R5Pqr456stu",
    "image": "https://simple-veganista.com/wp-content/uploads/2012/07/raw-vegan-sushi-rolls-5.jpg",
    "mealType": "vegan",
    "name": "Sushi Roll Platter",
    "shortDescription": "Assorted vegan sushi rolls with fresh veggies.",
    "timeToPrepare": "50 minutes",
    "username": "japanbite"
  },
  "-R6Stu789vwx": {
    "id": "-R6Stu789vwx",
    "image": "https://data.thefeedfeed.com/static/2020/02/04/15808487395e39d6631b265.jpg",
    "mealType": "vegetarian",
    "name": "Avocado Toast with Spinach",
    "shortDescription": "Crispy toast with avocado and fresh greens.",
    "timeToPrepare": "10 minutes",
    "username": "healthychef"
  },
  "-R7Vwx123yzA": {
    "id": "-R7Vwx123yzA",
    "image": "https://www.ambitiouskitchen.com/wp-content/uploads/2021/04/Vegan-Stir-Fry-Sesame-Noodles-7.jpg",
    "mealType": "vegan",
    "name": "Noodle Stir Fry",
    "shortDescription": "Quick stir fry with noodles and vegetables.",
    "timeToPrepare": "15 minutes",
    "username": "noodlemaster"
  },
  "-R8Abc456def": {
    "id": "-R8Abc456def",
    "image": "https://bellyfull.net/wp-content/uploads/2024/07/Grilled-Fish-Tacos-blog-1.jpg",
    "mealType": "pescatarian",
    "name": "Grilled Fish Tacos",
    "shortDescription": "Tacos filled with fresh, grilled fish.",
    "timeToPrepare": "20 minutes",
    "username": "tacolover"
  },
  "-R9Xyz789ghi": {
    "id": "-R9Xyz789ghi",
    "image": "https://www.deliciousmagazine.co.uk/wp-content/uploads/2019/09/chorizo-pizza-768x960.jpg",
    "mealType": "vegan",
    "name": "Vegan Margherita Pizza",
    "shortDescription": "Classic Margherita pizza with vegan cheese.",
    "timeToPrepare": "40 minutes",
    "username": "pizzaplant"
  }
   }
}
